
Microsoft Visual Studio Solution File, Format Version 12.00
Project("{FAE04EC0-301F-11D3-BF4B-00C04F79EFBC}") = "CalculatorLogic", "CalculatorLogic\CalculatorLogic.csproj", "{DE8270DD-D2CF-4EC9-B12E-DD6EBCCE58F9}"
EndProject
Project("{FAE04EC0-301F-11D3-BF4B-00C04F79EFBC}") = "LogicTests", "LogicTests\LogicTests.csproj", "{A67ED7CC-2BE6-4212-B2A5-767FF01F4114}"
EndProject
Project("{FAE04EC0-301F-11D3-BF4B-00C04F79EFBC}") = "CalculatorWebServer", "CalculatorWebServer\CalculatorWebServer.csproj", "{2682CBA8-29AE-48C5-B3A2-5A5A96C7FD4B}"
EndProject
Global
	GlobalSection(SolutionConfigurationPlatforms) = preSolution
		Debug|Any CPU = Debug|Any CPU
		Release|Any CPU = Release|Any CPU
	EndGlobalSection
	GlobalSection(ProjectConfigurationPlatforms) = postSolution
		{DE8270DD-D2CF-4EC9-B12E-DD6EBCCE58F9}.Debug|Any CPU.ActiveCfg = Debug|Any CPU
		{DE8270DD-D2CF-4EC9-B12E-DD6EBCCE58F9}.Debug|Any CPU.Build.0 = Debug|Any CPU
		{DE8270DD-D2CF-4EC9-B12E-DD6EBCCE58F9}.Release|Any CPU.ActiveCfg = Release|Any CPU
		{DE8270DD-D2CF-4EC9-B12E-DD6EBCCE58F9}.Release|Any CPU.Build.0 = Release|Any CPU
		{A67ED7CC-2BE6-4212-B2A5-767FF01F4114}.Debug|Any CPU.ActiveCfg = Debug|Any CPU
		{A67ED7CC-2BE6-4212-B2A5-767FF01F4114}.Debug|Any CPU.Build.0 = Debug|Any CPU
		{A67ED7CC-2BE6-4212-B2A5-767FF01F4114}.Release|Any CPU.ActiveCfg = Release|Any CPU
		{A67ED7CC-2BE6-4212-B2A5-767FF01F4114}.Release|Any CPU.Build.0 = Release|Any CPU
		{2682CBA8-29AE-48C5-B3A2-5A5A96C7FD4B}.Debug|Any CPU.ActiveCfg = Debug|Any CPU
		{2682CBA8-29AE-48C5-B3A2-5A5A96C7FD4B}.Debug|Any CPU.Build.0 = Debug|Any CPU
		{2682CBA8-29AE-48C5-B3A2-5A5A96C7FD4B}.Release|Any CPU.ActiveCfg = Release|Any CPU
		{2682CBA8-29AE-48C5-B3A2-5A5A96C7FD4B}.Release|Any CPU.Build.0 = Release|Any CPU
	EndGlobalSection
EndGlobal
